
Microsoft Visual Studio Solution File, Format Version 12.00
# Visual Studio Version 17
VisualStudioVersion = 17.6.33712.159
MinimumVisualStudioVersion = 10.0.40219.1
Project("{9A19103F-16F7-4668-BE54-9A1E7A4F7556}") = "smart House Project", "smart House Project.csproj", "{D9CCD379-F129-4A72-99A0-6F2F01DF3833}"
EndProject
Global
	GlobalSection(SolutionConfigurationPlatforms) = preSolution
		Debug|Any CPU = Debug|Any CPU
		Release|Any CPU = Release|Any CPU
	EndGlobalSection
	GlobalSection(ProjectConfigurationPlatforms) = postSolution
		{D9CCD379-F129-4A72-99A0-6F2F01DF3833}.Debug|Any CPU.ActiveCfg = Debug|Any CPU
		{D9CCD379-F129-4A72-99A0-6F2F01DF3833}.Debug|Any CPU.Build.0 = Debug|Any CPU
		{D9CCD379-F129-4A72-99A0-6F2F01DF3833}.Release|Any CPU.ActiveCfg = Release|Any CPU
		{D9CCD379-F129-4A72-99A0-6F2F01DF3833}.Release|Any CPU.Build.0 = Release|Any CPU
	EndGlobalSection
	GlobalSection(SolutionProperties) = preSolution
		HideSolutionNode = FALSE
	EndGlobalSection
	GlobalSection(ExtensibilityGlobals) = postSolution
		SolutionGuid = {E846E08D-8852-4BFE-8C79-D901B5A5EA58}
	EndGlobalSection
EndGlobal
